
Microsoft Visual Studio Solution File, Format Version 12.00
# Visual Studio Version 16
VisualStudioVersion = 16.0.30523.141
MinimumVisualStudioVersion = 10.0.40219.1
Project("{2150E333-8FDC-42A3-9474-1A3956D46DE8}") = "01核心CSharp", "01核心CSharp", "{29166AEA-A6B4-4074-84C6-6289F2D47D96}"
EndProject
Project("{9A19103F-16F7-4668-BE54-9A1E7A4F7556}") = "01Basis", "01核心CSharp\01Basis\01Basis.csproj", "{5836EFC6-0CFF-45BE-AEFD-692C423F7DD5}"
EndProject
Project("{9A19103F-16F7-4668-BE54-9A1E7A4F7556}") = "02程序流控制", "01核心CSharp\02程序流控制\02程序流控制.csproj", "{BEFA332B-6361-4973-9C7A-B040D6FB6C22}"
EndProject
Project("{2150E333-8FDC-42A3-9474-1A3956D46DE8}") = "02对象和类型", "02对象和类型", "{480125D1-BA50-4FB6-BD4F-8BAAA33F7AA6}"
EndProject
Project("{9A19103F-16F7-4668-BE54-9A1E7A4F7556}") = "Object_Class", "02对象和类型\Object_Class\Object_Class.csproj", "{EA6E8426-88D6-4087-8497-897B7E9FADDE}"
EndProject
Project("{9A19103F-16F7-4668-BE54-9A1E7A4F7556}") = "Struct", "02对象和类型\Struct\Struct.csproj", "{F093BCA7-FABD-431D-8CFA-3264215B6598}"
EndProject
Project("{FAE04EC0-301F-11D3-BF4B-00C04F79EFBC}") = "类型", "02对象和类型\类型\类型.csproj", "{D5F0DDB6-36AE-4521-B623-D33640565980}"
EndProject
Global
	GlobalSection(SolutionConfigurationPlatforms) = preSolution
		Debug|Any CPU = Debug|Any CPU
		Release|Any CPU = Release|Any CPU
	EndGlobalSection
	GlobalSection(ProjectConfigurationPlatforms) = postSolution
		{5836EFC6-0CFF-45BE-AEFD-692C423F7DD5}.Debug|Any CPU.ActiveCfg = Debug|Any CPU
		{5836EFC6-0CFF-45BE-AEFD-692C423F7DD5}.Debug|Any CPU.Build.0 = Debug|Any CPU
		{5836EFC6-0CFF-45BE-AEFD-692C423F7DD5}.Release|Any CPU.ActiveCfg = Release|Any CPU
		{5836EFC6-0CFF-45BE-AEFD-692C423F7DD5}.Release|Any CPU.Build.0 = Release|Any CPU
		{BEFA332B-6361-4973-9C7A-B040D6FB6C22}.Debug|Any CPU.ActiveCfg = Debug|Any CPU
		{BEFA332B-6361-4973-9C7A-B040D6FB6C22}.Debug|Any CPU.Build.0 = Debug|Any CPU
		{BEFA332B-6361-4973-9C7A-B040D6FB6C22}.Release|Any CPU.ActiveCfg = Release|Any CPU
		{BEFA332B-6361-4973-9C7A-B040D6FB6C22}.Release|Any CPU.Build.0 = Release|Any CPU
		{EA6E8426-88D6-4087-8497-897B7E9FADDE}.Debug|Any CPU.ActiveCfg = Debug|Any CPU
		{EA6E8426-88D6-4087-8497-897B7E9FADDE}.Debug|Any CPU.Build.0 = Debug|Any CPU
		{EA6E8426-88D6-4087-8497-897B7E9FADDE}.Release|Any CPU.ActiveCfg = Release|Any CPU
		{EA6E8426-88D6-4087-8497-897B7E9FADDE}.Release|Any CPU.Build.0 = Release|Any CPU
		{F093BCA7-FABD-431D-8CFA-3264215B6598}.Debug|Any CPU.ActiveCfg = Debug|Any CPU
		{F093BCA7-FABD-431D-8CFA-3264215B6598}.Debug|Any CPU.Build.0 = Debug|Any CPU
		{F093BCA7-FABD-431D-8CFA-3264215B6598}.Release|Any CPU.ActiveCfg = Release|Any CPU
		{F093BCA7-FABD-431D-8CFA-3264215B6598}.Release|Any CPU.Build.0 = Release|Any CPU
		{D5F0DDB6-36AE-4521-B623-D33640565980}.Debug|Any CPU.ActiveCfg = Debug|Any CPU
		{D5F0DDB6-36AE-4521-B623-D33640565980}.Debug|Any CPU.Build.0 = Debug|Any CPU
		{D5F0DDB6-36AE-4521-B623-D33640565980}.Release|Any CPU.ActiveCfg = Release|Any CPU
		{D5F0DDB6-36AE-4521-B623-D33640565980}.Release|Any CPU.Build.0 = Release|Any CPU
	EndGlobalSection
	GlobalSection(SolutionProperties) = preSolution
		HideSolutionNode = FALSE
	EndGlobalSection
	GlobalSection(NestedProjects) = preSolution
		{5836EFC6-0CFF-45BE-AEFD-692C423F7DD5} = {29166AEA-A6B4-4074-84C6-6289F2D47D96}
		{BEFA332B-6361-4973-9C7A-B040D6FB6C22} = {29166AEA-A6B4-4074-84C6-6289F2D47D96}
		{EA6E8426-88D6-4087-8497-897B7E9FADDE} = {480125D1-BA50-4FB6-BD4F-8BAAA33F7AA6}
		{F093BCA7-FABD-431D-8CFA-3264215B6598} = {480125D1-BA50-4FB6-BD4F-8BAAA33F7AA6}
		{D5F0DDB6-36AE-4521-B623-D33640565980} = {480125D1-BA50-4FB6-BD4F-8BAAA33F7AA6}
	EndGlobalSection
	GlobalSection(ExtensibilityGlobals) = postSolution
		SolutionGuid = {C03F4328-CFE0-41FC-907C-009E75CFE8E2}
	EndGlobalSection
EndGlobal
