
Microsoft Visual Studio Solution File, Format Version 12.00
# Visual Studio Version 16
VisualStudioVersion = 16.0.30523.141
MinimumVisualStudioVersion = 10.0.40219.1
Project("{2150E333-8FDC-42A3-9474-1A3956D46DE8}") = "01核心CSharp", "01核心CSharp", "{29166AEA-A6B4-4074-84C6-6289F2D47D96}"
EndProject
Project("{FAE04EC0-301F-11D3-BF4B-00C04F79EFBC}") = "01Basis", "01核心CSharp\01Basis\01Basis.csproj", "{5836EFC6-0CFF-45BE-AEFD-692C423F7DD5}"
EndProject
Global
	GlobalSection(SolutionConfigurationPlatforms) = preSolution
		Debug|Any CPU = Debug|Any CPU
		Release|Any CPU = Release|Any CPU
	EndGlobalSection
	GlobalSection(ProjectConfigurationPlatforms) = postSolution
		{5836EFC6-0CFF-45BE-AEFD-692C423F7DD5}.Debug|Any CPU.ActiveCfg = Debug|Any CPU
		{5836EFC6-0CFF-45BE-AEFD-692C423F7DD5}.Debug|Any CPU.Build.0 = Debug|Any CPU
		{5836EFC6-0CFF-45BE-AEFD-692C423F7DD5}.Release|Any CPU.ActiveCfg = Release|Any CPU
		{5836EFC6-0CFF-45BE-AEFD-692C423F7DD5}.Release|Any CPU.Build.0 = Release|Any CPU
	EndGlobalSection
	GlobalSection(SolutionProperties) = preSolution
		HideSolutionNode = FALSE
	EndGlobalSection
	GlobalSection(NestedProjects) = preSolution
		{5836EFC6-0CFF-45BE-AEFD-692C423F7DD5} = {29166AEA-A6B4-4074-84C6-6289F2D47D96}
	EndGlobalSection
	GlobalSection(ExtensibilityGlobals) = postSolution
		SolutionGuid = {C03F4328-CFE0-41FC-907C-009E75CFE8E2}
	EndGlobalSection
EndGlobal
